// !$*UTF8*$!
{
	archiveVersion = 1;
	classes = {
	};
	objectVersion = 55;
	objects = {

/* Begin PBXBuildFile section */
		65E355EE2863ABDA00BD0FDA /* AppDelegate.swift in Sources */ = {isa = PBXBuildFile; fileRef = 65E355ED2863ABDA00BD0FDA /* AppDelegate.swift */; };
		65E355F02863ABDA00BD0FDA /* SceneDelegate.swift in Sources */ = {isa = PBXBuildFile; fileRef = 65E355EF2863ABDA00BD0FDA /* SceneDelegate.swift */; };
		65E355F52863ABDA00BD0FDA /* Main.storyboard in Resources */ = {isa = PBXBuildFile; fileRef = 65E355F32863ABDA00BD0FDA /* Main.storyboard */; };
		65E355F72863ABDB00BD0FDA /* Assets.xcassets in Resources */ = {isa = PBXBuildFile; fileRef = 65E355F62863ABDB00BD0FDA /* Assets.xcassets */; };
		65E355FA2863ABDB00BD0FDA /* LaunchScreen.storyboard in Resources */ = {isa = PBXBuildFile; fileRef = 65E355F82863ABDB00BD0FDA /* LaunchScreen.storyboard */; };
		65E356052863B1DA00BD0FDA /* Constants.swift in Sources */ = {isa = PBXBuildFile; fileRef = 65E356042863B1DA00BD0FDA /* Constants.swift */; };
		65E356082863B2CC00BD0FDA /* WelcomeViewController.swift in Sources */ = {isa = PBXBuildFile; fileRef = 65E356072863B2CC00BD0FDA /* WelcomeViewController.swift */; };
		65E3560A2863B5D200BD0FDA /* RegisterViewController.swift in Sources */ = {isa = PBXBuildFile; fileRef = 65E356092863B5D200BD0FDA /* RegisterViewController.swift */; };
		65E3560C2863B5E300BD0FDA /* LoginViewController.swift in Sources */ = {isa = PBXBuildFile; fileRef = 65E3560B2863B5E300BD0FDA /* LoginViewController.swift */; };
		65E3560E2863B5EE00BD0FDA /* ChatViewController.swift in Sources */ = {isa = PBXBuildFile; fileRef = 65E3560D2863B5EE00BD0FDA /* ChatViewController.swift */; };
		65E356102863B8DB00BD0FDA /* Message.swift in Sources */ = {isa = PBXBuildFile; fileRef = 65E3560F2863B8DB00BD0FDA /* Message.swift */; };
		65E356122863B9BE00BD0FDA /* RegisterViewModel.swift in Sources */ = {isa = PBXBuildFile; fileRef = 65E356112863B9BE00BD0FDA /* RegisterViewModel.swift */; };
		65E356152863BA1900BD0FDA /* Dynamic.swift in Sources */ = {isa = PBXBuildFile; fileRef = 65E356142863BA1900BD0FDA /* Dynamic.swift */; };
		65E356172863BBAA00BD0FDA /* LoginViewModel.swift in Sources */ = {isa = PBXBuildFile; fileRef = 65E356162863BBAA00BD0FDA /* LoginViewModel.swift */; };
		65E356192863BDB300BD0FDA /* ViewModel.swift in Sources */ = {isa = PBXBuildFile; fileRef = 65E356182863BDB300BD0FDA /* ViewModel.swift */; };
		65E356202863C7F500BD0FDA /* FirebaseAuth in Frameworks */ = {isa = PBXBuildFile; productRef = 65E3561F2863C7F500BD0FDA /* FirebaseAuth */; };
		65E356222863C7F500BD0FDA /* FirebaseFirestore in Frameworks */ = {isa = PBXBuildFile; productRef = 65E356212863C7F500BD0FDA /* FirebaseFirestore */; };
		65E356252864600400BD0FDA /* MessageTableViewCell.swift in Sources */ = {isa = PBXBuildFile; fileRef = 65E356232864600400BD0FDA /* MessageTableViewCell.swift */; };
		65E35628286472E800BD0FDA /* ChatViewModel.swift in Sources */ = {isa = PBXBuildFile; fileRef = 65E35627286472E800BD0FDA /* ChatViewModel.swift */; };
		65E3562B2864FFE900BD0FDA /* IQKeyboardManagerSwift in Frameworks */ = {isa = PBXBuildFile; productRef = 65E3562A2864FFE900BD0FDA /* IQKeyboardManagerSwift */; };
		65E3562F2867479700BD0FDA /* GoogleService-Info.plist in Resources */ = {isa = PBXBuildFile; fileRef = 65E3562E2867479700BD0FDA /* GoogleService-Info.plist */; };
		65E35631286754A000BD0FDA /* MessageTableViewCell.xib in Resources */ = {isa = PBXBuildFile; fileRef = 65E35630286754A000BD0FDA /* MessageTableViewCell.xib */; };
/* End PBXBuildFile section */

/* Begin PBXFileReference section */
		65E355EA2863ABDA00BD0FDA /* MVVM Magical Very Various Messages.app */ = {isa = PBXFileReference; explicitFileType = wrapper.application; includeInIndex = 0; path = "MVVM Magical Very Various Messages.app"; sourceTree = BUILT_PRODUCTS_DIR; };
		65E355ED2863ABDA00BD0FDA /* AppDelegate.swift */ = {isa = PBXFileReference; lastKnownFileType = sourcecode.swift; path = AppDelegate.swift; sourceTree = "<group>"; };
		65E355EF2863ABDA00BD0FDA /* SceneDelegate.swift */ = {isa = PBXFileReference; lastKnownFileType = sourcecode.swift; path = SceneDelegate.swift; sourceTree = "<group>"; };
		65E355F42863ABDA00BD0FDA /* Base */ = {isa = PBXFileReference; lastKnownFileType = file.storyboard; name = Base; path = Base.lproj/Main.storyboard; sourceTree = "<group>"; };
		65E355F62863ABDB00BD0FDA /* Assets.xcassets */ = {isa = PBXFileReference; lastKnownFileType = folder.assetcatalog; path = Assets.xcassets; sourceTree = "<group>"; };
		65E355F92863ABDB00BD0FDA /* Base */ = {isa = PBXFileReference; lastKnownFileType = file.storyboard; name = Base; path = Base.lproj/LaunchScreen.storyboard; sourceTree = "<group>"; };
		65E355FB2863ABDB00BD0FDA /* Info.plist */ = {isa = PBXFileReference; lastKnownFileType = text.plist.xml; path = Info.plist; sourceTree = "<group>"; };
		65E356042863B1DA00BD0FDA /* Constants.swift */ = {isa = PBXFileReference; lastKnownFileType = sourcecode.swift; path = Constants.swift; sourceTree = "<group>"; };
		65E356072863B2CC00BD0FDA /* WelcomeViewController.swift */ = {isa = PBXFileReference; lastKnownFileType = sourcecode.swift; path = WelcomeViewController.swift; sourceTree = "<group>"; };
		65E356092863B5D200BD0FDA /* RegisterViewController.swift */ = {isa = PBXFileReference; lastKnownFileType = sourcecode.swift; path = RegisterViewController.swift; sourceTree = "<group>"; };
		65E3560B2863B5E300BD0FDA /* LoginViewController.swift */ = {isa = PBXFileReference; lastKnownFileType = sourcecode.swift; path = LoginViewController.swift; sourceTree = "<group>"; };
		65E3560D2863B5EE00BD0FDA /* ChatViewController.swift */ = {isa = PBXFileReference; lastKnownFileType = sourcecode.swift; path = ChatViewController.swift; sourceTree = "<group>"; };
		65E3560F2863B8DB00BD0FDA /* Message.swift */ = {isa = PBXFileReference; lastKnownFileType = sourcecode.swift; path = Message.swift; sourceTree = "<group>"; };
		65E356112863B9BE00BD0FDA /* RegisterViewModel.swift */ = {isa = PBXFileReference; lastKnownFileType = sourcecode.swift; path = RegisterViewModel.swift; sourceTree = "<group>"; };
		65E356142863BA1900BD0FDA /* Dynamic.swift */ = {isa = PBXFileReference; lastKnownFileType = sourcecode.swift; path = Dynamic.swift; sourceTree = "<group>"; };
		65E356162863BBAA00BD0FDA /* LoginViewModel.swift */ = {isa = PBXFileReference; lastKnownFileType = sourcecode.swift; path = LoginViewModel.swift; sourceTree = "<group>"; };
		65E356182863BDB300BD0FDA /* ViewModel.swift */ = {isa = PBXFileReference; lastKnownFileType = sourcecode.swift; path = ViewModel.swift; sourceTree = "<group>"; };
		65E356232864600400BD0FDA /* MessageTableViewCell.swift */ = {isa = PBXFileReference; lastKnownFileType = sourcecode.swift; path = MessageTableViewCell.swift; sourceTree = "<group>"; };
		65E35627286472E800BD0FDA /* ChatViewModel.swift */ = {isa = PBXFileReference; lastKnownFileType = sourcecode.swift; path = ChatViewModel.swift; sourceTree = "<group>"; };
		65E3562E2867479700BD0FDA /* GoogleService-Info.plist */ = {isa = PBXFileReference; fileEncoding = 4; lastKnownFileType = text.plist.xml; path = "GoogleService-Info.plist"; sourceTree = "<group>"; };
		65E35630286754A000BD0FDA /* MessageTableViewCell.xib */ = {isa = PBXFileReference; fileEncoding = 4; lastKnownFileType = file.xib; path = MessageTableViewCell.xib; sourceTree = "<group>"; };
/* End PBXFileReference section */

/* Begin PBXFrameworksBuildPhase section */
		65E355E72863ABDA00BD0FDA /* Frameworks */ = {
			isa = PBXFrameworksBuildPhase;
			buildActionMask = 2147483647;
			files = (
				65E356202863C7F500BD0FDA /* FirebaseAuth in Frameworks */,
				65E356222863C7F500BD0FDA /* FirebaseFirestore in Frameworks */,
				65E3562B2864FFE900BD0FDA /* IQKeyboardManagerSwift in Frameworks */,
			);
			runOnlyForDeploymentPostprocessing = 0;
		};
/* End PBXFrameworksBuildPhase section */

/* Begin PBXGroup section */
		65E355E12863ABDA00BD0FDA = {
			isa = PBXGroup;
			children = (
				65E355EC2863ABDA00BD0FDA /* MVVM Magical Very Various Messages */,
				65E355EB2863ABDA00BD0FDA /* Products */,
			);
			sourceTree = "<group>";
		};
		65E355EB2863ABDA00BD0FDA /* Products */ = {
			isa = PBXGroup;
			children = (
				65E355EA2863ABDA00BD0FDA /* MVVM Magical Very Various Messages.app */,
			);
			name = Products;
			sourceTree = "<group>";
		};
		65E355EC2863ABDA00BD0FDA /* MVVM Magical Very Various Messages */ = {
			isa = PBXGroup;
			children = (
				65E355ED2863ABDA00BD0FDA /* AppDelegate.swift */,
				65E355EF2863ABDA00BD0FDA /* SceneDelegate.swift */,
				65E356022863AC0000BD0FDA /* Models */,
				65E356032863AC2100BD0FDA /* ViewModels */,
				65E356012863ABF600BD0FDA /* Views */,
				65E355F62863ABDB00BD0FDA /* Assets.xcassets */,
				65E355FB2863ABDB00BD0FDA /* Info.plist */,
				65E3562E2867479700BD0FDA /* GoogleService-Info.plist */,
				65E356042863B1DA00BD0FDA /* Constants.swift */,
			);
			path = "MVVM Magical Very Various Messages";
			sourceTree = "<group>";
		};
		65E356012863ABF600BD0FDA /* Views */ = {
			isa = PBXGroup;
			children = (
				65E356072863B2CC00BD0FDA /* WelcomeViewController.swift */,
				65E356092863B5D200BD0FDA /* RegisterViewController.swift */,
				65E3560B2863B5E300BD0FDA /* LoginViewController.swift */,
				65E3560D2863B5EE00BD0FDA /* ChatViewController.swift */,
				65E356232864600400BD0FDA /* MessageTableViewCell.swift */,
				65E356062863B29C00BD0FDA /* Storyboards */,
			);
			path = Views;
			sourceTree = "<group>";
		};
		65E356022863AC0000BD0FDA /* Models */ = {
			isa = PBXGroup;
			children = (
				65E3560F2863B8DB00BD0FDA /* Message.swift */,
			);
			path = Models;
			sourceTree = "<group>";
		};
		65E356032863AC2100BD0FDA /* ViewModels */ = {
			isa = PBXGroup;
			children = (
				65E356132863BA0800BD0FDA /* Bindings */,
				65E356182863BDB300BD0FDA /* ViewModel.swift */,
				65E356112863B9BE00BD0FDA /* RegisterViewModel.swift */,
				65E356162863BBAA00BD0FDA /* LoginViewModel.swift */,
				65E35627286472E800BD0FDA /* ChatViewModel.swift */,
			);
			path = ViewModels;
			sourceTree = "<group>";
		};
		65E356062863B29C00BD0FDA /* Storyboards */ = {
			isa = PBXGroup;
			children = (
				65E355F32863ABDA00BD0FDA /* Main.storyboard */,
				65E355F82863ABDB00BD0FDA /* LaunchScreen.storyboard */,
				65E35630286754A000BD0FDA /* MessageTableViewCell.xib */,
			);
			path = Storyboards;
			sourceTree = "<group>";
		};
		65E356132863BA0800BD0FDA /* Bindings */ = {
			isa = PBXGroup;
			children = (
				65E356142863BA1900BD0FDA /* Dynamic.swift */,
			);
			path = Bindings;
			sourceTree = "<group>";
		};
/* End PBXGroup section */

/* Begin PBXNativeTarget section */
		65E355E92863ABDA00BD0FDA /* MVVM Magical Very Various Messages */ = {
			isa = PBXNativeTarget;
			buildConfigurationList = 65E355FE2863ABDB00BD0FDA /* Build configuration list for PBXNativeTarget "MVVM Magical Very Various Messages" */;
			buildPhases = (
				65E355E62863ABDA00BD0FDA /* Sources */,
				65E355E72863ABDA00BD0FDA /* Frameworks */,
				65E355E82863ABDA00BD0FDA /* Resources */,
			);
			buildRules = (
			);
			dependencies = (
			);
			name = "MVVM Magical Very Various Messages";
			packageProductDependencies = (
				65E3561F2863C7F500BD0FDA /* FirebaseAuth */,
				65E356212863C7F500BD0FDA /* FirebaseFirestore */,
				65E3562A2864FFE900BD0FDA /* IQKeyboardManagerSwift */,
			);
			productName = "MVVM Magical Very Various Messages";
			productReference = 65E355EA2863ABDA00BD0FDA /* MVVM Magical Very Various Messages.app */;
			productType = "com.apple.product-type.application";
		};
/* End PBXNativeTarget section */

/* Begin PBXProject section */
		65E355E22863ABDA00BD0FDA /* Project object */ = {
			isa = PBXProject;
			attributes = {
				BuildIndependentTargetsInParallel = 1;
				LastSwiftUpdateCheck = 1340;
				LastUpgradeCheck = 1340;
				TargetAttributes = {
					65E355E92863ABDA00BD0FDA = {
						CreatedOnToolsVersion = 13.4.1;
					};
				};
			};
			buildConfigurationList = 65E355E52863ABDA00BD0FDA /* Build configuration list for PBXProject "MVVM Magical Very Various Messages" */;
			compatibilityVersion = "Xcode 13.0";
			developmentRegion = en;
			hasScannedForEncodings = 0;
			knownRegions = (
				en,
				Base,
			);
			mainGroup = 65E355E12863ABDA00BD0FDA;
			packageReferences = (
				65E3561E2863C7F500BD0FDA /* XCRemoteSwiftPackageReference "firebase-ios-sdk" */,
				65E356292864FFE900BD0FDA /* XCRemoteSwiftPackageReference "IQKeyboardManager" */,
			);
			productRefGroup = 65E355EB2863ABDA00BD0FDA /* Products */;
			projectDirPath = "";
			projectRoot = "";
			targets = (
				65E355E92863ABDA00BD0FDA /* MVVM Magical Very Various Messages */,
			);
		};
/* End PBXProject section */

/* Begin PBXResourcesBuildPhase section */
		65E355E82863ABDA00BD0FDA /* Resources */ = {
			isa = PBXResourcesBuildPhase;
			buildActionMask = 2147483647;
			files = (
				65E355FA2863ABDB00BD0FDA /* LaunchScreen.storyboard in Resources */,
				65E3562F2867479700BD0FDA /* GoogleService-Info.plist in Resources */,
				65E35631286754A000BD0FDA /* MessageTableViewCell.xib in Resources */,
				65E355F72863ABDB00BD0FDA /* Assets.xcassets in Resources */,
				65E355F52863ABDA00BD0FDA /* Main.storyboard in Resources */,
			);
			runOnlyForDeploymentPostprocessing = 0;
		};
/* End PBXResourcesBuildPhase section */

/* Begin PBXSourcesBuildPhase section */
		65E355E62863ABDA00BD0FDA /* Sources */ = {
			isa = PBXSourcesBuildPhase;
			buildActionMask = 2147483647;
			files = (
				65E3560C2863B5E300BD0FDA /* LoginViewController.swift in Sources */,
				65E356152863BA1900BD0FDA /* Dynamic.swift in Sources */,
				65E356172863BBAA00BD0FDA /* LoginViewModel.swift in Sources */,
				65E356082863B2CC00BD0FDA /* WelcomeViewController.swift in Sources */,
				65E3560A2863B5D200BD0FDA /* RegisterViewController.swift in Sources */,
				65E3560E2863B5EE00BD0FDA /* ChatViewController.swift in Sources */,
				65E355EE2863ABDA00BD0FDA /* AppDelegate.swift in Sources */,
				65E356252864600400BD0FDA /* MessageTableViewCell.swift in Sources */,
				65E35628286472E800BD0FDA /* ChatViewModel.swift in Sources */,
				65E356102863B8DB00BD0FDA /* Message.swift in Sources */,
				65E355F02863ABDA00BD0FDA /* SceneDelegate.swift in Sources */,
				65E356122863B9BE00BD0FDA /* RegisterViewModel.swift in Sources */,
				65E356192863BDB300BD0FDA /* ViewModel.swift in Sources */,
				65E356052863B1DA00BD0FDA /* Constants.swift in Sources */,
			);
			runOnlyForDeploymentPostprocessing = 0;
		};
/* End PBXSourcesBuildPhase section */

/* Begin PBXVariantGroup section */
		65E355F32863ABDA00BD0FDA /* Main.storyboard */ = {
			isa = PBXVariantGroup;
			children = (
				65E355F42863ABDA00BD0FDA /* Base */,
			);
			name = Main.storyboard;
			sourceTree = "<group>";
		};
		65E355F82863ABDB00BD0FDA /* LaunchScreen.storyboard */ = {
			isa = PBXVariantGroup;
			children = (
				65E355F92863ABDB00BD0FDA /* Base */,
			);
			name = LaunchScreen.storyboard;
			sourceTree = "<group>";
		};
/* End PBXVariantGroup section */

/* Begin XCBuildConfiguration section */
		65E355FC2863ABDB00BD0FDA /* Debug */ = {
			isa = XCBuildConfiguration;
			buildSettings = {
				ALWAYS_SEARCH_USER_PATHS = NO;
				CLANG_ANALYZER_NONNULL = YES;
				CLANG_ANALYZER_NUMBER_OBJECT_CONVERSION = YES_AGGRESSIVE;
				CLANG_CXX_LANGUAGE_STANDARD = "gnu++17";
				CLANG_ENABLE_MODULES = YES;
				CLANG_ENABLE_OBJC_ARC = YES;
				CLANG_ENABLE_OBJC_WEAK = YES;
				CLANG_WARN_BLOCK_CAPTURE_AUTORELEASING = YES;
				CLANG_WARN_BOOL_CONVERSION = YES;
				CLANG_WARN_COMMA = YES;
				CLANG_WARN_CONSTANT_CONVERSION = YES;
				CLANG_WARN_DEPRECATED_OBJC_IMPLEMENTATIONS = YES;
				CLANG_WARN_DIRECT_OBJC_ISA_USAGE = YES_ERROR;
				CLANG_WARN_DOCUMENTATION_COMMENTS = YES;
				CLANG_WARN_EMPTY_BODY = YES;
				CLANG_WARN_ENUM_CONVERSION = YES;
				CLANG_WARN_INFINITE_RECURSION = YES;
				CLANG_WARN_INT_CONVERSION = YES;
				CLANG_WARN_NON_LITERAL_NULL_CONVERSION = YES;
				CLANG_WARN_OBJC_IMPLICIT_RETAIN_SELF = YES;
				CLANG_WARN_OBJC_LITERAL_CONVERSION = YES;
				CLANG_WARN_OBJC_ROOT_CLASS = YES_ERROR;
				CLANG_WARN_QUOTED_INCLUDE_IN_FRAMEWORK_HEADER = YES;
				CLANG_WARN_RANGE_LOOP_ANALYSIS = YES;
				CLANG_WARN_STRICT_PROTOTYPES = YES;
				CLANG_WARN_SUSPICIOUS_MOVE = YES;
				CLANG_WARN_UNGUARDED_AVAILABILITY = YES_AGGRESSIVE;
				CLANG_WARN_UNREACHABLE_CODE = YES;
				CLANG_WARN__DUPLICATE_METHOD_MATCH = YES;
				COPY_PHASE_STRIP = NO;
				DEBUG_INFORMATION_FORMAT = dwarf;
				ENABLE_STRICT_OBJC_MSGSEND = YES;
				ENABLE_TESTABILITY = YES;
				GCC_C_LANGUAGE_STANDARD = gnu11;
				GCC_DYNAMIC_NO_PIC = NO;
				GCC_NO_COMMON_BLOCKS = YES;
				GCC_OPTIMIZATION_LEVEL = 0;
				GCC_PREPROCESSOR_DEFINITIONS = (
					"DEBUG=1",
					"$(inherited)",
				);
				GCC_WARN_64_TO_32_BIT_CONVERSION = YES;
				GCC_WARN_ABOUT_RETURN_TYPE = YES_ERROR;
				GCC_WARN_UNDECLARED_SELECTOR = YES;
				GCC_WARN_UNINITIALIZED_AUTOS = YES_AGGRESSIVE;
				GCC_WARN_UNUSED_FUNCTION = YES;
				GCC_WARN_UNUSED_VARIABLE = YES;
				IPHONEOS_DEPLOYMENT_TARGET = 15.5;
				MTL_ENABLE_DEBUG_INFO = INCLUDE_SOURCE;
				MTL_FAST_MATH = YES;
				ONLY_ACTIVE_ARCH = YES;
				SDKROOT = iphoneos;
				SWIFT_ACTIVE_COMPILATION_CONDITIONS = DEBUG;
				SWIFT_OPTIMIZATION_LEVEL = "-Onone";
			};
			name = Debug;
		};
		65E355FD2863ABDB00BD0FDA /* Release */ = {
			isa = XCBuildConfiguration;
			buildSettings = {
				ALWAYS_SEARCH_USER_PATHS = NO;
				CLANG_ANALYZER_NONNULL = YES;
				CLANG_ANALYZER_NUMBER_OBJECT_CONVERSION = YES_AGGRESSIVE;
				CLANG_CXX_LANGUAGE_STANDARD = "gnu++17";
				CLANG_ENABLE_MODULES = YES;
				CLANG_ENABLE_OBJC_ARC = YES;
				CLANG_ENABLE_OBJC_WEAK = YES;
				CLANG_WARN_BLOCK_CAPTURE_AUTORELEASING = YES;
				CLANG_WARN_BOOL_CONVERSION = YES;
				CLANG_WARN_COMMA = YES;
				CLANG_WARN_CONSTANT_CONVERSION = YES;
				CLANG_WARN_DEPRECATED_OBJC_IMPLEMENTATIONS = YES;
				CLANG_WARN_DIRECT_OBJC_ISA_USAGE = YES_ERROR;
				CLANG_WARN_DOCUMENTATION_COMMENTS = YES;
				CLANG_WARN_EMPTY_BODY = YES;
				CLANG_WARN_ENUM_CONVERSION = YES;
				CLANG_WARN_INFINITE_RECURSION = YES;
				CLANG_WARN_INT_CONVERSION = YES;
				CLANG_WARN_NON_LITERAL_NULL_CONVERSION = YES;
				CLANG_WARN_OBJC_IMPLICIT_RETAIN_SELF = YES;
				CLANG_WARN_OBJC_LITERAL_CONVERSION = YES;
				CLANG_WARN_OBJC_ROOT_CLASS = YES_ERROR;
				CLANG_WARN_QUOTED_INCLUDE_IN_FRAMEWORK_HEADER = YES;
				CLANG_WARN_RANGE_LOOP_ANALYSIS = YES;
				CLANG_WARN_STRICT_PROTOTYPES = YES;
				CLANG_WARN_SUSPICIOUS_MOVE = YES;
				CLANG_WARN_UNGUARDED_AVAILABILITY = YES_AGGRESSIVE;
				CLANG_WARN_UNREACHABLE_CODE = YES;
				CLANG_WARN__DUPLICATE_METHOD_MATCH = YES;
				COPY_PHASE_STRIP = NO;
				DEBUG_INFORMATION_FORMAT = "dwarf-with-dsym";
				ENABLE_NS_ASSERTIONS = NO;
				ENABLE_STRICT_OBJC_MSGSEND = YES;
				GCC_C_LANGUAGE_STANDARD = gnu11;
				GCC_NO_COMMON_BLOCKS = YES;
				GCC_WARN_64_TO_32_BIT_CONVERSION = YES;
				GCC_WARN_ABOUT_RETURN_TYPE = YES_ERROR;
				GCC_WARN_UNDECLARED_SELECTOR = YES;
				GCC_WARN_UNINITIALIZED_AUTOS = YES_AGGRESSIVE;
				GCC_WARN_UNUSED_FUNCTION = YES;
				GCC_WARN_UNUSED_VARIABLE = YES;
				IPHONEOS_DEPLOYMENT_TARGET = 15.5;
				MTL_ENABLE_DEBUG_INFO = NO;
				MTL_FAST_MATH = YES;
				SDKROOT = iphoneos;
				SWIFT_COMPILATION_MODE = wholemodule;
				SWIFT_OPTIMIZATION_LEVEL = "-O";
				VALIDATE_PRODUCT = YES;
			};
			name = Release;
		};
		65E355FF2863ABDB00BD0FDA /* Debug */ = {
			isa = XCBuildConfiguration;
			buildSettings = {
				ASSETCATALOG_COMPILER_APPICON_NAME = AppIcon;
				ASSETCATALOG_COMPILER_GLOBAL_ACCENT_COLOR_NAME = AccentColor;
				CODE_SIGN_STYLE = Automatic;
				CURRENT_PROJECT_VERSION = 1;
				DEVELOPMENT_TEAM = 9D3QPUYX6Q;
				GENERATE_INFOPLIST_FILE = YES;
				INFOPLIST_FILE = "MVVM Magical Very Various Messages/Info.plist";
				INFOPLIST_KEY_CFBundleDisplayName = "Magical Very Various Messages";
				INFOPLIST_KEY_UIApplicationSupportsIndirectInputEvents = YES;
				INFOPLIST_KEY_UILaunchStoryboardName = LaunchScreen;
				INFOPLIST_KEY_UIMainStoryboardFile = Main;
				INFOPLIST_KEY_UISupportedInterfaceOrientations_iPad = "UIInterfaceOrientationPortrait UIInterfaceOrientationPortraitUpsideDown UIInterfaceOrientationLandscapeLeft UIInterfaceOrientationLandscapeRight";
				INFOPLIST_KEY_UISupportedInterfaceOrientations_iPhone = "UIInterfaceOrientationPortrait UIInterfaceOrientationLandscapeLeft UIInterfaceOrientationLandscapeRight";
				LD_RUNPATH_SEARCH_PATHS = (
					"$(inherited)",
					"@executable_path/Frameworks",
				);
				MARKETING_VERSION = 1.0;
				PRODUCT_BUNDLE_IDENTIFIER = "com.danieltvorun.MVVM-Magical-Very-Various-Messages";
				PRODUCT_NAME = "$(TARGET_NAME)";
				SWIFT_EMIT_LOC_STRINGS = YES;
				SWIFT_VERSION = 5.0;
				TARGETED_DEVICE_FAMILY = 1;
			};
			name = Debug;
		};
		65E356002863ABDB00BD0FDA /* Release */ = {
			isa = XCBuildConfiguration;
			buildSettings = {
				ASSETCATALOG_COMPILER_APPICON_NAME = AppIcon;
				ASSETCATALOG_COMPILER_GLOBAL_ACCENT_COLOR_NAME = AccentColor;
				CODE_SIGN_STYLE = Automatic;
				CURRENT_PROJECT_VERSION = 1;
				DEVELOPMENT_TEAM = 9D3QPUYX6Q;
				GENERATE_INFOPLIST_FILE = YES;
				INFOPLIST_FILE = "MVVM Magical Very Various Messages/Info.plist";
				INFOPLIST_KEY_CFBundleDisplayName = "Magical Very Various Messages";
				INFOPLIST_KEY_UIApplicationSupportsIndirectInputEvents = YES;
				INFOPLIST_KEY_UILaunchStoryboardName = LaunchScreen;
				INFOPLIST_KEY_UIMainStoryboardFile = Main;
				INFOPLIST_KEY_UISupportedInterfaceOrientations_iPad = "UIInterfaceOrientationPortrait UIInterfaceOrientationPortraitUpsideDown UIInterfaceOrientationLandscapeLeft UIInterfaceOrientationLandscapeRight";
				INFOPLIST_KEY_UISupportedInterfaceOrientations_iPhone = "UIInterfaceOrientationPortrait UIInterfaceOrientationLandscapeLeft UIInterfaceOrientationLandscapeRight";
				LD_RUNPATH_SEARCH_PATHS = (
					"$(inherited)",
					"@executable_path/Frameworks",
				);
				MARKETING_VERSION = 1.0;
				PRODUCT_BUNDLE_IDENTIFIER = "com.danieltvorun.MVVM-Magical-Very-Various-Messages";
				PRODUCT_NAME = "$(TARGET_NAME)";
				SWIFT_EMIT_LOC_STRINGS = YES;
				SWIFT_VERSION = 5.0;
				TARGETED_DEVICE_FAMILY = 1;
			};
			name = Release;
		};
/* End XCBuildConfiguration section */

/* Begin XCConfigurationList section */
		65E355E52863ABDA00BD0FDA /* Build configuration list for PBXProject "MVVM Magical Very Various Messages" */ = {
			isa = XCConfigurationList;
			buildConfigurations = (
				65E355FC2863ABDB00BD0FDA /* Debug */,
				65E355FD2863ABDB00BD0FDA /* Release */,
			);
			defaultConfigurationIsVisible = 0;
			defaultConfigurationName = Release;
		};
		65E355FE2863ABDB00BD0FDA /* Build configuration list for PBXNativeTarget "MVVM Magical Very Various Messages" */ = {
			isa = XCConfigurationList;
			buildConfigurations = (
				65E355FF2863ABDB00BD0FDA /* Debug */,
				65E356002863ABDB00BD0FDA /* Release */,
			);
			defaultConfigurationIsVisible = 0;
			defaultConfigurationName = Release;
		};
/* End XCConfigurationList section */

/* Begin XCRemoteSwiftPackageReference section */
		65E3561E2863C7F500BD0FDA /* XCRemoteSwiftPackageReference "firebase-ios-sdk" */ = {
			isa = XCRemoteSwiftPackageReference;
			repositoryURL = "https://github.com/firebase/firebase-ios-sdk";
			requirement = {
				branch = master;
				kind = branch;
			};
		};
		65E356292864FFE900BD0FDA /* XCRemoteSwiftPackageReference "IQKeyboardManager" */ = {
			isa = XCRemoteSwiftPackageReference;
			repositoryURL = "https://github.com/hackiftekhar/IQKeyboardManager.git";
			requirement = {
				branch = master;
				kind = branch;
			};
		};
/* End XCRemoteSwiftPackageReference section */

/* Begin XCSwiftPackageProductDependency section */
		65E3561F2863C7F500BD0FDA /* FirebaseAuth */ = {
			isa = XCSwiftPackageProductDependency;
			package = 65E3561E2863C7F500BD0FDA /* XCRemoteSwiftPackageReference "firebase-ios-sdk" */;
			productName = FirebaseAuth;
		};
		65E356212863C7F500BD0FDA /* FirebaseFirestore */ = {
			isa = XCSwiftPackageProductDependency;
			package = 65E3561E2863C7F500BD0FDA /* XCRemoteSwiftPackageReference "firebase-ios-sdk" */;
			productName = FirebaseFirestore;
		};
		65E3562A2864FFE900BD0FDA /* IQKeyboardManagerSwift */ = {
			isa = XCSwiftPackageProductDependency;
			package = 65E356292864FFE900BD0FDA /* XCRemoteSwiftPackageReference "IQKeyboardManager" */;
			productName = IQKeyboardManagerSwift;
		};
/* End XCSwiftPackageProductDependency section */
	};
	rootObject = 65E355E22863ABDA00BD0FDA /* Project object */;
}
